# THIS IS AN AUTOGENERATED FILE. DO NOT EDIT THIS FILE DIRECTLY.
# yarn lockfile v1


"@rschedule/core@^1.2.1":
  version "1.2.1"
  resolved "https://registry.yarnpkg.com/@rschedule/core/-/core-1.2.1.tgz#b9b11191133c01481096360dbab5c6d02a89f62b"
  integrity sha512-dPN2vsyXt7ONGjdXqVa463tQ5xPMIphyG6t7GE6S/FpiQUm3PR8NzCRMS7be4ryZ4VyVTT99VhpkPZeuW0DPmg==

"@rschedule/ical-tools@^1.2.1":
  version "1.2.1"
  resolved "https://registry.yarnpkg.com/@rschedule/ical-tools/-/ical-tools-1.2.1.tgz#46e5988318b7ee984ac11606da00e0eae20b288a"
  integrity sha512-+YXnJN/0Q1fDtA8Xrkmv4Ix43yuAFNTyNd5evZQg9Pt4mb3+jE703AUbGhgpzCP9ZEJRb77dGu1dp7gHcxzNBg==

"@rschedule/json-tools@^1.2.1":
  version "1.2.1"
  resolved "https://registry.yarnpkg.com/@rschedule/json-tools/-/json-tools-1.2.1.tgz#94205e7fa1b74da9015c0960f3f712c77175fa4e"
  integrity sha512-gbgQQvcTbNgQd63/YuXz3h/RFXeomghGW5LBjFmoA/rCQHDB3PShZjP6SkFQZUyKzRXflv5uMak4O6acnH9KjQ==

"@rschedule/moment-date-adapter@^1.2.1":
  version "1.2.1"
  resolved "https://registry.yarnpkg.com/@rschedule/moment-date-adapter/-/moment-date-adapter-1.2.1.tgz#eca0a4f19d38f363ba2bda74ecf7ae0280721298"
  integrity sha512-N3g8dLeyRK06oypPh89fzpaZXBeXyWHpZ8PiE5jIow/QrdTTY7MQxNi6LPpgaQvVEUqLCyCOjRJTNIaWBNa1gA==

"@rschedule/moment-tz-date-adapter@^1.2.1":
  version "1.2.1"
  resolved "https://registry.yarnpkg.com/@rschedule/moment-tz-date-adapter/-/moment-tz-date-adapter-1.2.1.tgz#1b37e659eb18e8335443ee8cdbe6f00a934f8b57"
  integrity sha512-ftqIkfdB4dhYveBumONs0IIGbeI/hvc2/bHQy5BWhS4ZdwQv4ikVzPFBI/v2AHOG45EoqL6EEoAWBV2rPFi6wQ==

"@rschedule/standard-date-adapter@^1.2.1":
  version "1.2.1"
  resolved "https://registry.yarnpkg.com/@rschedule/standard-date-adapter/-/standard-date-adapter-1.2.1.tgz#d82febe69d15b9eb546f0ab6349c10bc504839c6"
  integrity sha512-lncKYCO+fkPh5nlwTaY10ZZPmYxL7coq0SdP1gOmHihywODl95YC6DUrqLJXOToELcNNL9ilWw/3SnNuT2ypOQ==

moment@^2.29.1:
  version "2.29.1"
  resolved "https://registry.yarnpkg.com/moment/-/moment-2.29.1.tgz#b2be769fa31940be9eeea6469c075e35006fa3d3"
  integrity sha512-kHmoybcPV8Sqy59DwNDY3Jefr64lK/by/da0ViFcuA4DH0vQg5Q6Ze5VimxkfQNSC+Mls/Kx53s7TjP1RhFEDQ==

typescript@^4.0.5:
  version "4.0.5"
  resolved "https://registry.yarnpkg.com/typescript/-/typescript-4.0.5.tgz#ae9dddfd1069f1cb5beb3ef3b2170dd7c1332389"
  integrity sha512-ywmr/VrTVCmNTJ6iV2LwIrfG1P+lv6luD8sUJs+2eI9NLGigaN+nUQc13iHqisq7bra9lnmUSYqbJvegraBOPQ==
